<?xml version="1.0" encoding="utf-8"?>
<Project ToolsVersion="4.0" xmlns="http://schemas.microsoft.com/developer/msbuild/2003">
  <ItemGroup>
    <Filter Include="Source Files">
      <UniqueIdentifier>{4FC737F1-C7A5-4376-A066-2A32D752A2FF}</UniqueIdentifier>
      <Extensions>cpp;c;cc;cxx;def;odl;idl;hpj;bat;asm;asmx</Extensions>
    </Filter>
    <Filter Include="Header Files">
      <UniqueIdentifier>{93995380-89BD-4b04-88EB-625FBE52EBFB}</UniqueIdentifier>
      <Extensions>h;hpp;hxx;hm;inl;inc;xsd</Extensions>
    </Filter>
    <Filter Include="Resource Files">
      <UniqueIdentifier>{67DA6AB6-F800-4c08-8B7A-83BB121AAD01}</UniqueIdentifier>
      <Extensions>rc;ico;cur;bmp;dlg;rc2;rct;bin;rgs;gif;jpg;jpeg;jpe;resx;tiff;tif;png;wav;mfcribbon-ms</Extensions>
    </Filter>
  </ItemGroup>
  <ItemGroup>
    <ClInclude Include="fs.h">
      <Filter>Header Files</Filter>
    </ClInclude>
    <ClInclude Include="file.h">
      <Filter>Header Files</Filter>
    </ClInclude>
    <ClInclude Include="kernelfs.h">
      <Filter>Header Files</Filter>
    </ClInclude>
    <ClInclude Include="kernelfile.h">
      <Filter>Header Files</Filter>
    </ClInclude>
    <ClInclude Include="fat.h">
      <Filter>Header Files</Filter>
    </ClInclude>
    <ClInclude Include="directory.h">
      <Filter>Header Files</Filter>
    </ClInclude>
    <ClInclude Include="path.h">
      <Filter>Header Files</Filter>
    </ClInclude>
    <ClInclude Include="common.h">
      <Filter>Header Files</Filter>
    </ClInclude>
    <ClInclude Include="particija-VS2013\part.h">
      <Filter>Header Files</Filter>
    </ClInclude>
    <ClInclude Include="testprimer.h">
      <Filter>Header Files</Filter>
    </ClInclude>
    <ClInclude Include="part.h">
      <Filter>Header Files</Filter>
    </ClInclude>
  </ItemGroup>
  <ItemGroup>
    <None Include="disk1.dat" />
    <None Include="disk2.dat" />
    <None Include="p1.ini" />
    <None Include="p2.ini" />
  </ItemGroup>
  <ItemGroup>
    <ClCompile Include="fs.cpp">
      <Filter>Source Files</Filter>
    </ClCompile>
    <ClCompile Include="file.cpp">
      <Filter>Source Files</Filter>
    </ClCompile>
    <ClCompile Include="fat.cpp">
      <Filter>Source Files</Filter>
    </ClCompile>
    <ClCompile Include="path.cpp">
      <Filter>Source Files</Filter>
    </ClCompile>
    <ClCompile Include="directory.cpp">
      <Filter>Source Files</Filter>
    </ClCompile>
    <ClCompile Include="kernelfile.cpp">
      <Filter>Source Files</Filter>
    </ClCompile>
    <ClCompile Include="kernelfs.cpp">
      <Filter>Source Files</Filter>
    </ClCompile>
    <ClCompile Include="tests.cpp">
      <Filter>Source Files</Filter>
    </ClCompile>
    <ClCompile Include="main.cpp">
      <Filter>Source Files</Filter>
    </ClCompile>
    <ClCompile Include="nit1.cpp">
      <Filter>Source Files</Filter>
    </ClCompile>
    <ClCompile Include="nit2.cpp">
      <Filter>Source Files</Filter>
    </ClCompile>
    <ClCompile Include="nit3.cpp">
      <Filter>Source Files</Filter>
    </ClCompile>
  </ItemGroup>
  <ItemGroup>
    <Text Include="ulaz.txt" />
  </ItemGroup>
  <ItemGroup>
    <Library Include="part.lib" />
  </ItemGroup>
  <ItemGroup>
    <Image Include="Ulaz 0.5MB.jpg">
      <Filter>Resource Files</Filter>
    </Image>
    <Image Include="Ulaz 2MB.jpg">
      <Filter>Resource Files</Filter>
    </Image>
    <Image Include="ulaz 80KB.jpg">
      <Filter>Resource Files</Filter>
    </Image>
  </ItemGroup>
</Project>